Microsoft Visual Studio Solution File, Format Version 12.00
# Visual Studio Version 17
VisualStudioVersion = 17.5.2.0
MinimumVisualStudioVersion = 10.0.40219.1
Project("{FAE04EC0-301F-11D3-BF4B-00C04F79EFBC}") = "Execicios", "Execicios.csproj", "{5CE1CF16-DAC9-3900-5519-C7C2298DEB46}"
EndProject
Global
	GlobalSection(SolutionConfigurationPlatforms) = preSolution
		Debug|Any CPU = Debug|Any CPU
		Release|Any CPU = Release|Any CPU
	EndGlobalSection
	GlobalSection(ProjectConfigurationPlatforms) = postSolution
		{5CE1CF16-DAC9-3900-5519-C7C2298DEB46}.Debug|Any CPU.ActiveCfg = Debug|Any CPU
		{5CE1CF16-DAC9-3900-5519-C7C2298DEB46}.Debug|Any CPU.Build.0 = Debug|Any CPU
		{5CE1CF16-DAC9-3900-5519-C7C2298DEB46}.Release|Any CPU.ActiveCfg = Release|Any CPU
		{5CE1CF16-DAC9-3900-5519-C7C2298DEB46}.Release|Any CPU.Build.0 = Release|Any CPU
	EndGlobalSection
	GlobalSection(SolutionProperties) = preSolution
		HideSolutionNode = FALSE
	EndGlobalSection
	GlobalSection(ExtensibilityGlobals) = postSolution
		SolutionGuid = {7D8F162F-76F0-49E9-9A8C-8927DD7E438E}
	EndGlobalSection
EndGlobal
